github.com/Knetic/govaluate v3.0.1-0.20171022003610-9aa49832a739+incompatible/go.mod h1:r7JcOSlj0wfOMncg0iLm8Leh48TZaKVeNIfJntJ2wa0=
gitlab.mvalley.com/pf/casbin v0.0.4 h1:shEVLJZVBwinudRYfyl8zEg51hKAYgc+7OlLkh4AOzQ=
gitlab.mvalley.com/pf/casbin v0.0.4/go.mod h1:y6Z6lIMmO8ID53mu7bOfzXHx+camBiSF1LNYm4mKLOQ=
